
Microsoft Visual Studio Solution File, Format Version 12.00
# Visual Studio Version 17
VisualStudioVersion = 17.11.35327.3
MinimumVisualStudioVersion = 10.0.40219.1
Project("{FAE04EC0-301F-11D3-BF4B-00C04F79EFBC}") = "DateTimeT", "DateTimeT\DateTimeT.csproj", "{1E580EB6-E77B-45C4-AA8E-2429DF72E090}"
EndProject
Global
	GlobalSection(SolutionConfigurationPlatforms) = preSolution
		Debug|Any CPU = Debug|Any CPU
		Release|Any CPU = Release|Any CPU
	EndGlobalSection
	GlobalSection(ProjectConfigurationPlatforms) = postSolution
		{1E580EB6-E77B-45C4-AA8E-2429DF72E090}.Debug|Any CPU.ActiveCfg = Debug|Any CPU
		{1E580EB6-E77B-45C4-AA8E-2429DF72E090}.Debug|Any CPU.Build.0 = Debug|Any CPU
		{1E580EB6-E77B-45C4-AA8E-2429DF72E090}.Release|Any CPU.ActiveCfg = Release|Any CPU
		{1E580EB6-E77B-45C4-AA8E-2429DF72E090}.Release|Any CPU.Build.0 = Release|Any CPU
	EndGlobalSection
	GlobalSection(SolutionProperties) = preSolution
		HideSolutionNode = FALSE
	EndGlobalSection
	GlobalSection(ExtensibilityGlobals) = postSolution
		SolutionGuid = {6EE3E70B-2C23-4A8E-9CC4-00FDD4B2ED95}
	EndGlobalSection
EndGlobal
