
Microsoft Visual Studio Solution File, Format Version 12.00
# Visual Studio Version 17
VisualStudioVersion = 17.11.35327.3
MinimumVisualStudioVersion = 10.0.40219.1
Project("{FAE04EC0-301F-11D3-BF4B-00C04F79EFBC}") = "InterfacesApp2", "InterfacesApp2\InterfacesApp2.csproj", "{7A54243E-05F8-4541-B656-A0D14264251B}"
EndProject
Global
	GlobalSection(SolutionConfigurationPlatforms) = preSolution
		Debug|Any CPU = Debug|Any CPU
		Release|Any CPU = Release|Any CPU
	EndGlobalSection
	GlobalSection(ProjectConfigurationPlatforms) = postSolution
		{7A54243E-05F8-4541-B656-A0D14264251B}.Debug|Any CPU.ActiveCfg = Debug|Any CPU
		{7A54243E-05F8-4541-B656-A0D14264251B}.Debug|Any CPU.Build.0 = Debug|Any CPU
		{7A54243E-05F8-4541-B656-A0D14264251B}.Release|Any CPU.ActiveCfg = Release|Any CPU
		{7A54243E-05F8-4541-B656-A0D14264251B}.Release|Any CPU.Build.0 = Release|Any CPU
	EndGlobalSection
	GlobalSection(SolutionProperties) = preSolution
		HideSolutionNode = FALSE
	EndGlobalSection
	GlobalSection(ExtensibilityGlobals) = postSolution
		SolutionGuid = {306CA2CE-3620-4BA4-B419-ECEEEB7002D8}
	EndGlobalSection
EndGlobal
