
Microsoft Visual Studio Solution File, Format Version 12.00
# Visual Studio Version 17
VisualStudioVersion = 17.11.35327.3
MinimumVisualStudioVersion = 10.0.40219.1
Project("{FAE04EC0-301F-11D3-BF4B-00C04F79EFBC}") = "MathE", "MathE\MathE.csproj", "{01F72F44-D9DB-4E52-9706-84A702C2A5C3}"
EndProject
Global
	GlobalSection(SolutionConfigurationPlatforms) = preSolution
		Debug|Any CPU = Debug|Any CPU
		Release|Any CPU = Release|Any CPU
	EndGlobalSection
	GlobalSection(ProjectConfigurationPlatforms) = postSolution
		{01F72F44-D9DB-4E52-9706-84A702C2A5C3}.Debug|Any CPU.ActiveCfg = Debug|Any CPU
		{01F72F44-D9DB-4E52-9706-84A702C2A5C3}.Debug|Any CPU.Build.0 = Debug|Any CPU
		{01F72F44-D9DB-4E52-9706-84A702C2A5C3}.Release|Any CPU.ActiveCfg = Release|Any CPU
		{01F72F44-D9DB-4E52-9706-84A702C2A5C3}.Release|Any CPU.Build.0 = Release|Any CPU
	EndGlobalSection
	GlobalSection(SolutionProperties) = preSolution
		HideSolutionNode = FALSE
	EndGlobalSection
	GlobalSection(ExtensibilityGlobals) = postSolution
		SolutionGuid = {64099F58-A31C-4904-813E-38EEC9A5CFF3}
	EndGlobalSection
EndGlobal
